<?xml version="1.0" encoding="utf-8"?>
<Project ToolsVersion="17.0" xmlns="http://schemas.microsoft.com/developer/msbuild/2003">
  <ItemGroup>
    <ClCompile Include="C:\Users\adnan\Desktop\Dardaneli\libraries\include\ImGUI\ImGuiFileDialog.cpp">
      <Filter>Source Files</Filter>
    </ClCompile>
    <ClCompile Include="C:\Users\adnan\Desktop\Dardaneli\libraries\include\ImGUI\imgui.cpp">
      <Filter>Source Files</Filter>
    </ClCompile>
    <ClCompile Include="C:\Users\adnan\Desktop\Dardaneli\libraries\include\ImGUI\imgui_demo.cpp">
      <Filter>Source Files</Filter>
    </ClCompile>
    <ClCompile Include="C:\Users\adnan\Desktop\Dardaneli\libraries\include\ImGUI\imgui_draw.cpp">
      <Filter>Source Files</Filter>
    </ClCompile>
    <ClCompile Include="C:\Users\adnan\Desktop\Dardaneli\libraries\include\ImGUI\imgui_impl_glfw.cpp">
      <Filter>Source Files</Filter>
    </ClCompile>
    <ClCompile Include="C:\Users\adnan\Desktop\Dardaneli\libraries\include\ImGUI\imgui_impl_opengl3.cpp">
      <Filter>Source Files</Filter>
    </ClCompile>
    <ClCompile Include="C:\Users\adnan\Desktop\Dardaneli\libraries\include\ImGUI\imgui_tables.cpp">
      <Filter>Source Files</Filter>
    </ClCompile>
    <ClCompile Include="C:\Users\adnan\Desktop\Dardaneli\libraries\include\ImGUI\imgui_widgets.cpp">
      <Filter>Source Files</Filter>
    </ClCompile>
    <ClCompile Include="C:\Users\adnan\Desktop\Dardaneli\libraries\include\ImGUI\imnodes.cpp">
      <Filter>Source Files</Filter>
    </ClCompile>
    <ClCompile Include="C:\Users\adnan\Desktop\Dardaneli\libraries\include\ImGUIZMO\GraphEditor.cpp">
      <Filter>Source Files</Filter>
    </ClCompile>
    <ClCompile Include="C:\Users\adnan\Desktop\Dardaneli\libraries\include\ImGUIZMO\ImCurveEdit.cpp">
      <Filter>Source Files</Filter>
    </ClCompile>
    <ClCompile Include="C:\Users\adnan\Desktop\Dardaneli\libraries\include\ImGUIZMO\ImGradient.cpp">
      <Filter>Source Files</Filter>
    </ClCompile>
    <ClCompile Include="C:\Users\adnan\Desktop\Dardaneli\libraries\include\ImGUIZMO\ImGuizmo.cpp">
      <Filter>Source Files</Filter>
    </ClCompile>
    <ClCompile Include="C:\Users\adnan\Desktop\Dardaneli\src\engine\AccelerationStructures\BVHNode.cpp">
      <Filter>Source Files</Filter>
    </ClCompile>
    <ClCompile Include="C:\Users\adnan\Desktop\Dardaneli\src\engine\AccelerationStructures\BoundingVolumes\AABB.cpp">
      <Filter>Source Files</Filter>
    </ClCompile>
    <ClCompile Include="C:\Users\adnan\Desktop\Dardaneli\src\engine\AccelerationStructures\BoundingVolumes\DrawableAABB.cpp">
      <Filter>Source Files</Filter>
    </ClCompile>
    <ClCompile Include="C:\Users\adnan\Desktop\Dardaneli\src\engine\AccelerationStructures\EdgeBVH.cpp">
      <Filter>Source Files</Filter>
    </ClCompile>
    <ClCompile Include="C:\Users\adnan\Desktop\Dardaneli\src\engine\AccelerationStructures\EdgeBVHNode.cpp">
      <Filter>Source Files</Filter>
    </ClCompile>
    <ClCompile Include="C:\Users\adnan\Desktop\Dardaneli\src\engine\AccelerationStructures\FaceBVH.cpp">
      <Filter>Source Files</Filter>
    </ClCompile>
    <ClCompile Include="C:\Users\adnan\Desktop\Dardaneli\src\engine\AccelerationStructures\FaceBVHNode.cpp">
      <Filter>Source Files</Filter>
    </ClCompile>
    <ClCompile Include="C:\Users\adnan\Desktop\Dardaneli\src\engine\AccelerationStructures\Improved\EdgeBVHImproved.cpp">
      <Filter>Source Files</Filter>
    </ClCompile>
    <ClCompile Include="C:\Users\adnan\Desktop\Dardaneli\src\engine\AccelerationStructures\Improved\FaceBVHImproved.cpp">
      <Filter>Source Files</Filter>
    </ClCompile>
    <ClCompile Include="C:\Users\adnan\Desktop\Dardaneli\src\engine\AccelerationStructures\Improved\ObjectModeBVHImproved.cpp">
      <Filter>Source Files</Filter>
    </ClCompile>
    <ClCompile Include="C:\Users\adnan\Desktop\Dardaneli\src\engine\AccelerationStructures\Improved\UVVertexBVHImproved.cpp">
      <Filter>Source Files</Filter>
    </ClCompile>
    <ClCompile Include="C:\Users\adnan\Desktop\Dardaneli\src\engine\AccelerationStructures\Improved\VertexBVHImproved.cpp">
      <Filter>Source Files</Filter>
    </ClCompile>
    <ClCompile Include="C:\Users\adnan\Desktop\Dardaneli\src\engine\AccelerationStructures\ObjectModeBVH.cpp">
      <Filter>Source Files</Filter>
    </ClCompile>
    <ClCompile Include="C:\Users\adnan\Desktop\Dardaneli\src\engine\AccelerationStructures\RaytracingBVH.cpp">
      <Filter>Source Files</Filter>
    </ClCompile>
    <ClCompile Include="C:\Users\adnan\Desktop\Dardaneli\src\engine\AccelerationStructures\RaytracingBVHNode.cpp">
      <Filter>Source Files</Filter>
    </ClCompile>
    <ClCompile Include="C:\Users\adnan\Desktop\Dardaneli\src\engine\AccelerationStructures\UVVertexBVH.cpp">
      <Filter>Source Files</Filter>
    </ClCompile>
    <ClCompile Include="C:\Users\adnan\Desktop\Dardaneli\src\engine\AccelerationStructures\VertexBVH.cpp">
      <Filter>Source Files</Filter>
    </ClCompile>
    <ClCompile Include="C:\Users\adnan\Desktop\Dardaneli\src\engine\Core\Application.cpp">
      <Filter>Source Files</Filter>
    </ClCompile>
    <ClCompile Include="C:\Users\adnan\Desktop\Dardaneli\src\engine\Core\Camera.cpp">
      <Filter>Source Files</Filter>
    </ClCompile>
    <ClCompile Include="C:\Users\adnan\Desktop\Dardaneli\src\engine\Core\CameraManager.cpp">
      <Filter>Source Files</Filter>
    </ClCompile>
    <ClCompile Include="C:\Users\adnan\Desktop\Dardaneli\src\engine\Core\MyGUI.cpp">
      <Filter>Source Files</Filter>
    </ClCompile>
    <ClCompile Include="C:\Users\adnan\Desktop\Dardaneli\src\engine\Core\Renderer.cpp">
      <Filter>Source Files</Filter>
    </ClCompile>
    <ClCompile Include="C:\Users\adnan\Desktop\Dardaneli\src\engine\Core\Scene.cpp">
      <Filter>Source Files</Filter>
    </ClCompile>
    <ClCompile Include="C:\Users\adnan\Desktop\Dardaneli\src\engine\Core\Viewport.cpp">
      <Filter>Source Files</Filter>
    </ClCompile>
    <ClCompile Include="C:\Users\adnan\Desktop\Dardaneli\src\engine\Core\Window.cpp">
      <Filter>Source Files</Filter>
    </ClCompile>
    <ClCompile Include="C:\Users\adnan\Desktop\Dardaneli\src\engine\Core\WindowManager.cpp">
      <Filter>Source Files</Filter>
    </ClCompile>
    <ClCompile Include="C:\Users\adnan\Desktop\Dardaneli\src\engine\GLBuffers\EBO.cpp">
      <Filter>Source Files</Filter>
    </ClCompile>
    <ClCompile Include="C:\Users\adnan\Desktop\Dardaneli\src\engine\GLBuffers\VAO.cpp">
      <Filter>Source Files</Filter>
    </ClCompile>
    <ClCompile Include="C:\Users\adnan\Desktop\Dardaneli\src\engine\GLBuffers\VBO.cpp">
      <Filter>Source Files</Filter>
    </ClCompile>
    <ClCompile Include="C:\Users\adnan\Desktop\Dardaneli\src\engine\Main.cpp">
      <Filter>Source Files</Filter>
    </ClCompile>
    <ClCompile Include="C:\Users\adnan\Desktop\Dardaneli\src\engine\Materials\Material.cpp">
      <Filter>Source Files</Filter>
    </ClCompile>
    <ClCompile Include="C:\Users\adnan\Desktop\Dardaneli\src\engine\Materials\MaterialManager.cpp">
      <Filter>Source Files</Filter>
    </ClCompile>
    <ClCompile Include="C:\Users\adnan\Desktop\Dardaneli\src\engine\Materials\Shader.cpp">
      <Filter>Source Files</Filter>
    </ClCompile>
    <ClCompile Include="C:\Users\adnan\Desktop\Dardaneli\src\engine\Materials\ShaderManager.cpp">
      <Filter>Source Files</Filter>
    </ClCompile>
    <ClCompile Include="C:\Users\adnan\Desktop\Dardaneli\src\engine\Materials\ShadingNodes\Color\ColorBurnNode.cpp">
      <Filter>Source Files</Filter>
    </ClCompile>
    <ClCompile Include="C:\Users\adnan\Desktop\Dardaneli\src\engine\Materials\ShadingNodes\Color\ColorMixNode.cpp">
      <Filter>Source Files</Filter>
    </ClCompile>
    <ClCompile Include="C:\Users\adnan\Desktop\Dardaneli\src\engine\Materials\ShadingNodes\Input\ColorNode.cpp">
      <Filter>Source Files</Filter>
    </ClCompile>
    <ClCompile Include="C:\Users\adnan\Desktop\Dardaneli\src\engine\Materials\ShadingNodes\Input\ValueNode.cpp">
      <Filter>Source Files</Filter>
    </ClCompile>
    <ClCompile Include="C:\Users\adnan\Desktop\Dardaneli\src\engine\Materials\ShadingNodes\Math\MathNode.cpp">
      <Filter>Source Files</Filter>
    </ClCompile>
    <ClCompile Include="C:\Users\adnan\Desktop\Dardaneli\src\engine\Materials\ShadingNodes\Output\AmbientOcclusionOutputNode.cpp">
      <Filter>Source Files</Filter>
    </ClCompile>
    <ClCompile Include="C:\Users\adnan\Desktop\Dardaneli\src\engine\Materials\ShadingNodes\Output\ColorOutputNode.cpp">
      <Filter>Source Files</Filter>
    </ClCompile>
    <ClCompile Include="C:\Users\adnan\Desktop\Dardaneli\src\engine\Materials\ShadingNodes\Output\MetallicOutputNode.cpp">
      <Filter>Source Files</Filter>
    </ClCompile>
    <ClCompile Include="C:\Users\adnan\Desktop\Dardaneli\src\engine\Materials\ShadingNodes\Output\NormalOutputNode.cpp">
      <Filter>Source Files</Filter>
    </ClCompile>
    <ClCompile Include="C:\Users\adnan\Desktop\Dardaneli\src\engine\Materials\ShadingNodes\Output\RoughnessOutputNode.cpp">
      <Filter>Source Files</Filter>
    </ClCompile>
    <ClCompile Include="C:\Users\adnan\Desktop\Dardaneli\src\engine\Materials\ShadingNodes\ShadingNodesManager.cpp">
      <Filter>Source Files</Filter>
    </ClCompile>
    <ClCompile Include="C:\Users\adnan\Desktop\Dardaneli\src\engine\Materials\ShadingNodes\Texture\Texture.cpp">
      <Filter>Source Files</Filter>
    </ClCompile>
    <ClCompile Include="C:\Users\adnan\Desktop\Dardaneli\src\engine\Materials\ShadingNodes\Texture\TextureNode.cpp">
      <Filter>Source Files</Filter>
    </ClCompile>
    <ClCompile Include="C:\Users\adnan\Desktop\Dardaneli\src\engine\Objects\BasicObjects.cpp">
      <Filter>Source Files</Filter>
    </ClCompile>
    <ClCompile Include="C:\Users\adnan\Desktop\Dardaneli\src\engine\Objects\Lights\DirectionalLight.cpp">
      <Filter>Source Files</Filter>
    </ClCompile>
    <ClCompile Include="C:\Users\adnan\Desktop\Dardaneli\src\engine\Objects\Lights\PointLight.cpp">
      <Filter>Source Files</Filter>
    </ClCompile>
    <ClCompile Include="C:\Users\adnan\Desktop\Dardaneli\src\engine\Objects\Lights\SpotLight.cpp">
      <Filter>Source Files</Filter>
    </ClCompile>
    <ClCompile Include="C:\Users\adnan\Desktop\Dardaneli\src\engine\Objects\Mesh\DEdge.cpp">
      <Filter>Source Files</Filter>
    </ClCompile>
    <ClCompile Include="C:\Users\adnan\Desktop\Dardaneli\src\engine\Objects\Mesh\DFace.cpp">
      <Filter>Source Files</Filter>
    </ClCompile>
    <ClCompile Include="C:\Users\adnan\Desktop\Dardaneli\src\engine\Objects\Mesh\DLoop.cpp">
      <Filter>Source Files</Filter>
    </ClCompile>
    <ClCompile Include="C:\Users\adnan\Desktop\Dardaneli\src\engine\Objects\Mesh\DVertex.cpp">
      <Filter>Source Files</Filter>
    </ClCompile>
    <ClCompile Include="C:\Users\adnan\Desktop\Dardaneli\src\engine\Objects\Mesh\Mesh.cpp">
      <Filter>Source Files</Filter>
    </ClCompile>
    <ClCompile Include="C:\Users\adnan\Desktop\Dardaneli\src\engine\Objects\Object.cpp">
      <Filter>Source Files</Filter>
    </ClCompile>
    <ClCompile Include="C:\Users\adnan\Desktop\Dardaneli\src\engine\Objects\ObjectManager.cpp">
      <Filter>Source Files</Filter>
    </ClCompile>
    <ClCompile Include="C:\Users\adnan\Desktop\Dardaneli\src\engine\Utilities\FileSystem.cpp">
      <Filter>Source Files</Filter>
    </ClCompile>
    <ClCompile Include="C:\Users\adnan\Desktop\Dardaneli\src\engine\Utilities\FragColor.cpp">
      <Filter>Source Files</Filter>
    </ClCompile>
    <ClCompile Include="C:\Users\adnan\Desktop\Dardaneli\src\engine\Utilities\GeometryUtils.cpp">
      <Filter>Source Files</Filter>
    </ClCompile>
    <ClCompile Include="C:\Users\adnan\Desktop\Dardaneli\src\engine\Utilities\Loader.cpp">
      <Filter>Source Files</Filter>
    </ClCompile>
    <ClCompile Include="C:\Users\adnan\Desktop\Dardaneli\src\engine\Utilities\Ray.cpp">
      <Filter>Source Files</Filter>
    </ClCompile>
    <ClCompile Include="C:\Users\adnan\Desktop\Dardaneli\src\engine\Utilities\stb.cpp">
      <Filter>Source Files</Filter>
    </ClCompile>
    <ClCompile Include="C:\Users\adnan\Desktop\Dardaneli\src\engine\glad.c">
      <Filter>Source Files</Filter>
    </ClCompile>
  </ItemGroup>
  <ItemGroup>
    <CustomBuild Include="C:\Users\adnan\Desktop\Dardaneli\CMakeLists.txt" />
  </ItemGroup>
  <ItemGroup>
    <None Include="C:\Users\adnan\Desktop\Dardaneli\src\shaders\BVH.frag" />
    <None Include="C:\Users\adnan\Desktop\Dardaneli\src\shaders\BVH.vert" />
    <None Include="C:\Users\adnan\Desktop\Dardaneli\src\shaders\UV.frag" />
    <None Include="C:\Users\adnan\Desktop\Dardaneli\src\shaders\UV.vert" />
    <None Include="C:\Users\adnan\Desktop\Dardaneli\src\shaders\basic.frag" />
    <None Include="C:\Users\adnan\Desktop\Dardaneli\src\shaders\basic.vert" />
    <None Include="C:\Users\adnan\Desktop\Dardaneli\src\shaders\computeOutput.frag" />
    <None Include="C:\Users\adnan\Desktop\Dardaneli\src\shaders\computeOutput.vert" />
    <None Include="C:\Users\adnan\Desktop\Dardaneli\src\shaders\computeTest.comp" />
    <None Include="C:\Users\adnan\Desktop\Dardaneli\src\shaders\computeTest.frag" />
    <None Include="C:\Users\adnan\Desktop\Dardaneli\src\shaders\computeTest.vert" />
    <None Include="C:\Users\adnan\Desktop\Dardaneli\src\shaders\grid.frag" />
    <None Include="C:\Users\adnan\Desktop\Dardaneli\src\shaders\grid.vert" />
    <None Include="C:\Users\adnan\Desktop\Dardaneli\src\shaders\pbr.geom" />
    <None Include="C:\Users\adnan\Desktop\Dardaneli\src\shaders\pbr.vert" />
    <None Include="C:\Users\adnan\Desktop\Dardaneli\src\shaders\quad.frag" />
    <None Include="C:\Users\adnan\Desktop\Dardaneli\src\shaders\quad.vert" />
    <None Include=".gitignore" />
    <None Include="imgui.ini" />
    <None Include="README.md" />
  </ItemGroup>
  <ItemGroup>
    <Filter Include="Source Files">
      <UniqueIdentifier>{1825A31A-1D6F-32AF-A693-030229124E0F}</UniqueIdentifier>
    </Filter>
  </ItemGroup>
  <ItemGroup>
    <ClInclude Include="include\AccelerationStructures\BoundingVolumes\AABB.h" />
    <ClInclude Include="include\AccelerationStructures\BoundingVolumes\DrawableAABB.h" />
    <ClInclude Include="include\AccelerationStructures\Improved\BVHBuilder.h" />
    <ClInclude Include="include\AccelerationStructures\Improved\EdgeBVHImproved.h" />
    <ClInclude Include="include\AccelerationStructures\Improved\FaceBVHImproved.h" />
    <ClInclude Include="include\AccelerationStructures\Improved\ObjectModeBVHImproved.h" />
    <ClInclude Include="include\AccelerationStructures\Improved\ParallelBVHBuilder.h" />
    <ClInclude Include="include\AccelerationStructures\Improved\SimdBVHBuilder.h" />
    <ClInclude Include="include\AccelerationStructures\Improved\SimdParallelBVHBuilder.h" />
    <ClInclude Include="include\AccelerationStructures\Improved\UVVertexBVHImproved.h" />
    <ClInclude Include="include\AccelerationStructures\Improved\VertexBVHImproved.h" />
    <ClInclude Include="include\AccelerationStructures\BVHNode.h" />
    <ClInclude Include="include\AccelerationStructures\EdgeBVH.h" />
    <ClInclude Include="include\AccelerationStructures\EdgeBVHNode.h" />
    <ClInclude Include="include\AccelerationStructures\FaceBVH.h" />
    <ClInclude Include="include\AccelerationStructures\FaceBVHNode.h" />
    <ClInclude Include="include\AccelerationStructures\ObjectModeBVH.h" />
    <ClInclude Include="include\AccelerationStructures\RaytracingBVH.h" />
    <ClInclude Include="include\AccelerationStructures\RaytracingBVHNode.h" />
    <ClInclude Include="include\AccelerationStructures\UVVertexBVH.h" />
    <ClInclude Include="include\AccelerationStructures\VertexBVH.h" />
    <ClInclude Include="include\Core\Application.h" />
    <ClInclude Include="include\Core\Camera.h" />
    <ClInclude Include="include\Core\CameraManager.h" />
    <ClInclude Include="include\Core\MyGUI.h" />
    <ClInclude Include="include\Core\Renderer.h" />
    <ClInclude Include="include\Core\Scene.h" />
    <ClInclude Include="include\Core\Viewport.h" />
    <ClInclude Include="include\Core\Window.h" />
    <ClInclude Include="include\Core\WindowManager.h" />
    <ClInclude Include="include\GLBuffers\EBO.h" />
    <ClInclude Include="include\GLBuffers\VAO.h" />
    <ClInclude Include="include\GLBuffers\VBO.h" />
    <ClInclude Include="include\Materials\ShadingNodes\Color\ColorBurnNode.h" />
    <ClInclude Include="include\Materials\ShadingNodes\Color\ColorMixNode.h" />
    <ClInclude Include="include\Materials\ShadingNodes\Input\ColorNode.h" />
    <ClInclude Include="include\Materials\ShadingNodes\Input\ValueNode.h" />
    <ClInclude Include="include\Materials\ShadingNodes\Math\MathNode.h" />
    <ClInclude Include="include\Materials\ShadingNodes\Output\AmbientOcclusionOutputNode.h" />
    <ClInclude Include="include\Materials\ShadingNodes\Output\ColorOutputNode.h" />
    <ClInclude Include="include\Materials\ShadingNodes\Output\MetallicOutputNode.h" />
    <ClInclude Include="include\Materials\ShadingNodes\Output\NormalOutputNode.h" />
    <ClInclude Include="include\Materials\ShadingNodes\Output\RoughnessOutputNode.h" />
    <ClInclude Include="include\Materials\ShadingNodes\Texture\Texture.h" />
    <ClInclude Include="include\Materials\ShadingNodes\Texture\TextureNode.h" />
    <ClInclude Include="include\Materials\ShadingNodes\ShadingNodes.h" />
    <ClInclude Include="include\Materials\ShadingNodes\ShadingNodesManager.h" />
    <ClInclude Include="include\Materials\Material.h" />
    <ClInclude Include="include\Materials\MaterialManager.h" />
    <ClInclude Include="include\Materials\Shader.h" />
    <ClInclude Include="include\Materials\ShaderBuilder.h" />
    <ClInclude Include="include\Materials\ShaderManager.h" />
    <ClInclude Include="include\Objects\Lights\DirectionalLight.h" />
    <ClInclude Include="include\Objects\Lights\Light.h" />
    <ClInclude Include="include\Objects\Lights\PointLight.h" />
    <ClInclude Include="include\Objects\Lights\SpotLight.h" />
    <ClInclude Include="include\Objects\Mesh\DDiskLink.h" />
    <ClInclude Include="include\Objects\Mesh\DEdge.h" />
    <ClInclude Include="include\Objects\Mesh\DFace.h" />
    <ClInclude Include="include\Objects\Mesh\DLoop.h" />
    <ClInclude Include="include\Objects\Mesh\DVertex.h" />
    <ClInclude Include="include\Objects\Mesh\GPUVertex.h" />
    <ClInclude Include="include\Objects\Mesh\Mesh.h" />
    <ClInclude Include="include\Objects\Mesh\UVVertex.h" />
    <ClInclude Include="include\Objects\BasicObjects.h" />
    <ClInclude Include="include\Objects\Object.h" />
    <ClInclude Include="include\Objects\ObjectManager.h" />
    <ClInclude Include="include\Utilities\Aliases.h" />
    <ClInclude Include="include\Utilities\Enums.h" />
    <ClInclude Include="include\Utilities\FileSystem.h" />
    <ClInclude Include="include\Utilities\FragColor.h" />
    <ClInclude Include="include\Utilities\GeometryUtils.h" />
    <ClInclude Include="include\Utilities\Loader.h" />
    <ClInclude Include="include\Utilities\PairHash.h" />
    <ClInclude Include="include\Utilities\Ray.h" />
    <ClInclude Include="include\Utilities\RenderDocIntegration.h" />
    <ClInclude Include="include\Utilities\Triangle.h" />
    <ClInclude Include="include\Utilities\UnorderedPair.h" />
  </ItemGroup>
</Project>