<?xml version="1.0" encoding="utf-8"?>
<Project ToolsVersion="4.0" xmlns="http://schemas.microsoft.com/developer/msbuild/2003">
  <ItemGroup>
    <Filter Include="Source Files">
      <UniqueIdentifier>{4FC737F1-C7A5-4376-A066-2A32D752A2FF}</UniqueIdentifier>
      <Extensions>cpp;c;cc;cxx;c++;cppm;ixx;def;odl;idl;hpj;bat;asm;asmx</Extensions>
    </Filter>
    <Filter Include="Header Files">
      <UniqueIdentifier>{93995380-89BD-4b04-88EB-625FBE52EBFB}</UniqueIdentifier>
      <Extensions>h;hh;hpp;hxx;h++;hm;inl;inc;ipp;xsd</Extensions>
    </Filter>
    <Filter Include="Resource Files">
      <UniqueIdentifier>{67DA6AB6-F800-4c08-8B7A-83BB121AAD01}</UniqueIdentifier>
      <Extensions>rc;ico;cur;bmp;dlg;rc2;rct;bin;rgs;gif;jpg;jpeg;jpe;resx;tiff;tif;png;wav;mfcribbon-ms</Extensions>
    </Filter>
    <Filter Include="Resource Files\Shaders">
      <UniqueIdentifier>{6a33b8ec-213c-4c42-bf1a-06274583f94c}</UniqueIdentifier>
    </Filter>
    <Filter Include="Resource Files\Textures">
      <UniqueIdentifier>{3eaa42d8-2fd3-48c4-97f1-d36eed8a7bbf}</UniqueIdentifier>
    </Filter>
    <Filter Include="Header Files\Picking">
      <UniqueIdentifier>{70e6cee5-121a-47d1-a304-dab176981000}</UniqueIdentifier>
    </Filter>
    <Filter Include="Header Files\Objects">
      <UniqueIdentifier>{7407688d-85e7-432d-912e-6c7086e23e20}</UniqueIdentifier>
    </Filter>
    <Filter Include="Source Files\Objects">
      <UniqueIdentifier>{96d57a2a-ae90-4ea4-8caf-0055657210c7}</UniqueIdentifier>
    </Filter>
    <Filter Include="Source Files\Picking">
      <UniqueIdentifier>{feb137fa-a6b5-49e6-b872-74d44da30631}</UniqueIdentifier>
    </Filter>
    <Filter Include="Source Files\Renderer">
      <UniqueIdentifier>{cbd12281-f7bf-41c1-bb40-ff5b479792f4}</UniqueIdentifier>
    </Filter>
    <Filter Include="Header Files\Renderer">
      <UniqueIdentifier>{9d220d78-39ab-42e0-a4bb-5481db63e115}</UniqueIdentifier>
    </Filter>
    <Filter Include="Header Files\GUI">
      <UniqueIdentifier>{997d1f34-c5e8-4162-a5e9-fbd64015aab0}</UniqueIdentifier>
    </Filter>
    <Filter Include="Header Files\GUI\ImGUIZMO">
      <UniqueIdentifier>{533ac0e4-6ee5-4d9d-83ea-1e4467f9d05e}</UniqueIdentifier>
    </Filter>
    <Filter Include="Header Files\GUI\ImGUI">
      <UniqueIdentifier>{b003ee70-3d86-4628-a73e-23930dba0030}</UniqueIdentifier>
    </Filter>
    <Filter Include="Source Files\GUI">
      <UniqueIdentifier>{9a0a914a-4e23-4c75-8c98-59a3e8a6f3fc}</UniqueIdentifier>
    </Filter>
    <Filter Include="Source Files\GUI\ImGUI">
      <UniqueIdentifier>{de0cff33-a450-474a-bdeb-b4a2f5d35ec7}</UniqueIdentifier>
    </Filter>
    <Filter Include="Source Files\GUI\ImGUIZMO">
      <UniqueIdentifier>{b24c00d9-3fba-4ad3-8ab7-2103f7143f4a}</UniqueIdentifier>
    </Filter>
  </ItemGroup>
  <ItemGroup>
    <ClCompile Include="src\engine\Main.cpp">
      <Filter>Source Files</Filter>
    </ClCompile>
    <ClCompile Include="src\engine\Camera.cpp">
      <Filter>Source Files</Filter>
    </ClCompile>
    <ClCompile Include="libraries\include\ImGUI\imgui_widgets.cpp">
      <Filter>Source Files\GUI\ImGUI</Filter>
    </ClCompile>
    <ClCompile Include="libraries\include\ImGUI\imgui.cpp">
      <Filter>Source Files\GUI\ImGUI</Filter>
    </ClCompile>
    <ClCompile Include="libraries\include\ImGUI\imgui_demo.cpp">
      <Filter>Source Files\GUI\ImGUI</Filter>
    </ClCompile>
    <ClCompile Include="libraries\include\ImGUI\imgui_draw.cpp">
      <Filter>Source Files\GUI\ImGUI</Filter>
    </ClCompile>
    <ClCompile Include="libraries\include\ImGUI\imgui_impl_glfw.cpp">
      <Filter>Source Files\GUI\ImGUI</Filter>
    </ClCompile>
    <ClCompile Include="libraries\include\ImGUI\imgui_impl_opengl3.cpp">
      <Filter>Source Files\GUI\ImGUI</Filter>
    </ClCompile>
    <ClCompile Include="libraries\include\ImGUI\imgui_tables.cpp">
      <Filter>Source Files\GUI\ImGUI</Filter>
    </ClCompile>
    <ClCompile Include="src\engine\AABB.cpp">
      <Filter>Source Files\Picking</Filter>
    </ClCompile>
    <ClCompile Include="src\engine\BVHNode.cpp">
      <Filter>Source Files\Picking</Filter>
    </ClCompile>
    <ClCompile Include="src\engine\EBO.cpp">
      <Filter>Source Files\Renderer</Filter>
    </ClCompile>
    <ClCompile Include="src\engine\glad.c">
      <Filter>Source Files\Renderer</Filter>
    </ClCompile>
    <ClCompile Include="src\engine\Mesh.cpp">
      <Filter>Source Files\Objects</Filter>
    </ClCompile>
    <ClCompile Include="src\engine\Object.cpp">
      <Filter>Source Files\Objects</Filter>
    </ClCompile>
    <ClCompile Include="src\engine\ObjectManager.cpp">
      <Filter>Source Files\Objects</Filter>
    </ClCompile>
    <ClCompile Include="src\engine\Ray.cpp">
      <Filter>Source Files\Picking</Filter>
    </ClCompile>
    <ClCompile Include="src\engine\Shader.cpp">
      <Filter>Source Files\Renderer</Filter>
    </ClCompile>
    <ClCompile Include="src\engine\Texture.cpp">
      <Filter>Source Files\Renderer</Filter>
    </ClCompile>
    <ClCompile Include="src\engine\VAO.cpp">
      <Filter>Source Files\Renderer</Filter>
    </ClCompile>
    <ClCompile Include="src\engine\VBO.cpp">
      <Filter>Source Files\Renderer</Filter>
    </ClCompile>
    <ClCompile Include="src\engine\stb.cpp">
      <Filter>Source Files\Renderer</Filter>
    </ClCompile>
    <ClCompile Include="src\engine\Window.cpp">
      <Filter>Source Files\Renderer</Filter>
    </ClCompile>
    <ClCompile Include="src\engine\Renderer.cpp">
      <Filter>Source Files\Renderer</Filter>
    </ClCompile>
    <ClCompile Include="src\engine\Scene.cpp">
      <Filter>Source Files\Renderer</Filter>
    </ClCompile>
    <ClCompile Include="src\engine\BasicObjects.cpp">
      <Filter>Source Files\Objects</Filter>
    </ClCompile>
    <ClCompile Include="src\engine\ShaderManager.cpp">
      <Filter>Source Files\Renderer</Filter>
    </ClCompile>
    <ClCompile Include="src\engine\ObjectModeBVH.cpp">
      <Filter>Source Files\Picking</Filter>
    </ClCompile>
    <ClCompile Include="src\engine\DrawableAABB.cpp">
      <Filter>Source Files\Picking</Filter>
    </ClCompile>
    <ClCompile Include="src\engine\CamaraManager.cpp">
      <Filter>Source Files</Filter>
    </ClCompile>
    <ClCompile Include="libraries\include\ImGUIZMO\GraphEditor.cpp">
      <Filter>Source Files\GUI\ImGUIZMO</Filter>
    </ClCompile>
    <ClCompile Include="libraries\include\ImGUIZMO\ImCurveEdit.cpp">
      <Filter>Source Files\GUI\ImGUIZMO</Filter>
    </ClCompile>
    <ClCompile Include="libraries\include\ImGUIZMO\ImGradient.cpp">
      <Filter>Source Files\GUI\ImGUIZMO</Filter>
    </ClCompile>
    <ClCompile Include="libraries\include\ImGUIZMO\ImGuizmo.cpp">
      <Filter>Source Files\GUI\ImGUIZMO</Filter>
    </ClCompile>
    <ClCompile Include="src\engine\VertexBVH.cpp">
      <Filter>Source Files\Picking</Filter>
    </ClCompile>
    <ClCompile Include="src\engine\MyGUI.cpp">
      <Filter>Source Files\GUI</Filter>
    </ClCompile>
    <ClCompile Include="src\engine\Application.cpp">
      <Filter>Source Files</Filter>
    </ClCompile>
    <ClCompile Include="src\engine\WindowManager.cpp">
      <Filter>Source Files\Renderer</Filter>
    </ClCompile>
    <ClCompile Include="src\engine\EdgeBVH.cpp">
      <Filter>Source Files\Picking</Filter>
    </ClCompile>
    <ClCompile Include="src\engine\FaceBVH.cpp">
      <Filter>Source Files\Picking</Filter>
    </ClCompile>
    <ClCompile Include="src\engine\FaceBVHNode.cpp">
      <Filter>Source Files</Filter>
    </ClCompile>
    <ClCompile Include="src\engine\EdgeBVHNode.cpp">
      <Filter>Source Files</Filter>
    </ClCompile>
    <ClCompile Include="src\engine\DEdge.cpp">
      <Filter>Source Files</Filter>
    </ClCompile>
    <ClCompile Include="src\engine\DVertex.cpp">
      <Filter>Source Files</Filter>
    </ClCompile>
    <ClCompile Include="src\engine\DFace.cpp">
      <Filter>Source Files</Filter>
    </ClCompile>
    <ClCompile Include="src\engine\GeometryUtils.cpp">
      <Filter>Source Files</Filter>
    </ClCompile>
    <ClCompile Include="src\engine\UVVertexBVH.cpp">
      <Filter>Source Files</Filter>
    </ClCompile>
    <ClCompile Include="libraries\include\ImGUI\imnodes.cpp">
      <Filter>Source Files</Filter>
    </ClCompile>
    <ClCompile Include="libraries\include\ImGUI\ImGuiFileDialog.cpp">
      <Filter>Source Files</Filter>
    </ClCompile>
    <ClCompile Include="src\engine\ShadingNodes\ShadingNodesManager.cpp">
      <Filter>Source Files</Filter>
    </ClCompile>
    <ClCompile Include="src\engine\ShadingNodes\MaterialManager.cpp">
      <Filter>Source Files</Filter>
    </ClCompile>
    <ClCompile Include="src\engine\ShadingNodes\Material.cpp">
      <Filter>Source Files</Filter>
    </ClCompile>
    <ClCompile Include="src\engine\ShadingNodes\ColorOutputNode.cpp">
      <Filter>Source Files</Filter>
    </ClCompile>
    <ClCompile Include="src\engine\ShadingNodes\AmbientOcclusionOutputNode.cpp">
      <Filter>Source Files</Filter>
    </ClCompile>
    <ClCompile Include="src\engine\ShadingNodes\MetallicOutputNode.cpp">
      <Filter>Source Files</Filter>
    </ClCompile>
    <ClCompile Include="src\engine\ShadingNodes\RoughnessOutputNode.cpp">
      <Filter>Source Files</Filter>
    </ClCompile>
    <ClCompile Include="src\engine\ShadingNodes\NormalOutputNode.cpp">
      <Filter>Source Files</Filter>
    </ClCompile>
  </ItemGroup>
  <ItemGroup>
    <None Include="src\shaders\basic.vert">
      <Filter>Resource Files\Shaders</Filter>
    </None>
    <None Include="src\shaders\basic.frag">
      <Filter>Resource Files\Shaders</Filter>
    </None>
    <None Include="src\shaders\editMode.vert">
      <Filter>Resource Files\Shaders</Filter>
    </None>
    <None Include="src\shaders\editMode.frag">
      <Filter>Resource Files\Shaders</Filter>
    </None>
    <None Include="src\shaders\BVH.vert">
      <Filter>Resource Files\Shaders</Filter>
    </None>
    <None Include="src\shaders\BVH.frag">
      <Filter>Resource Files\Shaders</Filter>
    </None>
    <None Include="src\shaders\selectObject.frag">
      <Filter>Resource Files\Shaders</Filter>
    </None>
    <None Include="src\shaders\selectObject.vert">
      <Filter>Resource Files\Shaders</Filter>
    </None>
    <None Include="src\shaders\grid.frag">
      <Filter>Resource Files\Shaders</Filter>
    </None>
    <None Include="src\shaders\grid.vert">
      <Filter>Resource Files\Shaders</Filter>
    </None>
    <None Include="src\shaders\selectEdit.vert">
      <Filter>Resource Files\Shaders</Filter>
    </None>
    <None Include="src\shaders\selectEdit.frag">
      <Filter>Resource Files\Shaders</Filter>
    </None>
    <None Include="src\shaders\activeObject.vert">
      <Filter>Resource Files\Shaders</Filter>
    </None>
    <None Include="src\shaders\activeEdit.frag">
      <Filter>Resource Files\Shaders</Filter>
    </None>
    <None Include="src\shaders\activeEdit.vert">
      <Filter>Resource Files\Shaders</Filter>
    </None>
    <None Include="src\shaders\activeObject.frag">
      <Filter>Resource Files\Shaders</Filter>
    </None>
    <None Include="src\shaders\UV.vert" />
    <None Include="src\shaders\UV.frag" />
    <None Include="src\shaders\textureTest.vert" />
    <None Include="src\shaders\textureTest.frag" />
    <None Include="src\shaders\light.vert" />
    <None Include="src\shaders\light.frag" />
    <None Include="src\shaders\pbr.geom" />
    <None Include="src\shaders\pbr.vert" />
    <None Include="src\shaders\pbr.frag" />
  </ItemGroup>
  <ItemGroup>
    <ClInclude Include="include\Camera.h">
      <Filter>Header Files</Filter>
    </ClInclude>
    <ClInclude Include="include\EBO.h">
      <Filter>Header Files\Renderer</Filter>
    </ClInclude>
    <ClInclude Include="include\Shader.h">
      <Filter>Header Files\Renderer</Filter>
    </ClInclude>
    <ClInclude Include="include\Texture.h">
      <Filter>Header Files\Renderer</Filter>
    </ClInclude>
    <ClInclude Include="include\VAO.h">
      <Filter>Header Files\Renderer</Filter>
    </ClInclude>
    <ClInclude Include="include\VBO.h">
      <Filter>Header Files\Renderer</Filter>
    </ClInclude>
    <ClInclude Include="include\AABB.h">
      <Filter>Header Files\Picking</Filter>
    </ClInclude>
    <ClInclude Include="include\Ray.h">
      <Filter>Header Files\Picking</Filter>
    </ClInclude>
    <ClInclude Include="include\BVHNode.h">
      <Filter>Header Files\Picking</Filter>
    </ClInclude>
    <ClInclude Include="include\Object.h">
      <Filter>Header Files\Objects</Filter>
    </ClInclude>
    <ClInclude Include="include\Mesh.h">
      <Filter>Header Files\Objects</Filter>
    </ClInclude>
    <ClInclude Include="include\ObjectManager.h">
      <Filter>Header Files\Objects</Filter>
    </ClInclude>
    <ClInclude Include="include\Renderer.h">
      <Filter>Header Files\Renderer</Filter>
    </ClInclude>
    <ClInclude Include="include\Window.h">
      <Filter>Header Files\Renderer</Filter>
    </ClInclude>
    <ClInclude Include="include\Scene.h">
      <Filter>Header Files\Renderer</Filter>
    </ClInclude>
    <ClInclude Include="include\BasicObjects.h">
      <Filter>Header Files\Objects</Filter>
    </ClInclude>
    <ClInclude Include="include\ShaderManager.h">
      <Filter>Header Files\Renderer</Filter>
    </ClInclude>
    <ClInclude Include="include\ObjectModeBVH.h">
      <Filter>Header Files\Picking</Filter>
    </ClInclude>
    <ClInclude Include="include\DrawableAABB.h">
      <Filter>Header Files\Picking</Filter>
    </ClInclude>
    <ClInclude Include="include\CameraManager.h">
      <Filter>Header Files</Filter>
    </ClInclude>
    <ClInclude Include="libraries\include\ImGUIZMO\ImCurveEdit.h">
      <Filter>Header Files\GUI\ImGUIZMO</Filter>
    </ClInclude>
    <ClInclude Include="libraries\include\ImGUIZMO\ImGradient.h">
      <Filter>Header Files\GUI\ImGUIZMO</Filter>
    </ClInclude>
    <ClInclude Include="libraries\include\ImGUIZMO\ImGuizmo.h">
      <Filter>Header Files\GUI\ImGUIZMO</Filter>
    </ClInclude>
    <ClInclude Include="libraries\include\ImGUIZMO\ImZoomSlider.h">
      <Filter>Header Files\GUI\ImGUIZMO</Filter>
    </ClInclude>
    <ClInclude Include="libraries\include\ImGUIZMO\GraphEditor.h">
      <Filter>Header Files\GUI\ImGUIZMO</Filter>
    </ClInclude>
    <ClInclude Include="libraries\include\ImGUI\imconfig.h">
      <Filter>Header Files\GUI\ImGUI</Filter>
    </ClInclude>
    <ClInclude Include="libraries\include\ImGUI\imgui.h">
      <Filter>Header Files\GUI\ImGUI</Filter>
    </ClInclude>
    <ClInclude Include="libraries\include\ImGUI\imgui_impl_glfw.h">
      <Filter>Header Files\GUI\ImGUI</Filter>
    </ClInclude>
    <ClInclude Include="libraries\include\ImGUI\imgui_impl_opengl3.h">
      <Filter>Header Files\GUI\ImGUI</Filter>
    </ClInclude>
    <ClInclude Include="libraries\include\ImGUI\imgui_impl_opengl3_loader.h">
      <Filter>Header Files\GUI\ImGUI</Filter>
    </ClInclude>
    <ClInclude Include="libraries\include\ImGUI\imgui_internal.h">
      <Filter>Header Files\GUI\ImGUI</Filter>
    </ClInclude>
    <ClInclude Include="libraries\include\ImGUI\imstb_rectpack.h">
      <Filter>Header Files\GUI\ImGUI</Filter>
    </ClInclude>
    <ClInclude Include="libraries\include\ImGUI\imstb_textedit.h">
      <Filter>Header Files\GUI\ImGUI</Filter>
    </ClInclude>
    <ClInclude Include="libraries\include\ImGUI\imstb_truetype.h">
      <Filter>Header Files\GUI\ImGUI</Filter>
    </ClInclude>
    <ClInclude Include="include\VertexBVH.h">
      <Filter>Header Files\Picking</Filter>
    </ClInclude>
    <ClInclude Include="include\Application.h">
      <Filter>Header Files</Filter>
    </ClInclude>
    <ClInclude Include="include\MyGUI.h">
      <Filter>Header Files\GUI</Filter>
    </ClInclude>
    <ClInclude Include="include\WindowManager.h">
      <Filter>Header Files\Renderer</Filter>
    </ClInclude>
    <ClInclude Include="include\EdgeBVH.h">
      <Filter>Header Files\Picking</Filter>
    </ClInclude>
    <ClInclude Include="include\FaceBVH.h">
      <Filter>Header Files\Picking</Filter>
    </ClInclude>
    <ClInclude Include="include\FaceBVHNode.h">
      <Filter>Header Files</Filter>
    </ClInclude>
    <ClInclude Include="include\EdgeBVHNode.h">
      <Filter>Header Files</Filter>
    </ClInclude>
    <ClInclude Include="include\DDiskLink.h">
      <Filter>Header Files</Filter>
    </ClInclude>
    <ClInclude Include="include\DLoop.h">
      <Filter>Header Files</Filter>
    </ClInclude>
    <ClInclude Include="include\DVertex.h">
      <Filter>Header Files</Filter>
    </ClInclude>
    <ClInclude Include="include\DEdge.h">
      <Filter>Header Files</Filter>
    </ClInclude>
    <ClInclude Include="include\DFace.h">
      <Filter>Header Files</Filter>
    </ClInclude>
    <ClInclude Include="include\UnorderedPair.h">
      <Filter>Header Files</Filter>
    </ClInclude>
    <ClInclude Include="include\PairHash.h">
      <Filter>Header Files</Filter>
    </ClInclude>
    <ClInclude Include="include\GeometryUtils.h">
      <Filter>Header Files</Filter>
    </ClInclude>
    <ClInclude Include="include\UVVertex.h">
      <Filter>Header Files</Filter>
    </ClInclude>
    <ClInclude Include="include\UVVertexBVH.h">
      <Filter>Header Files</Filter>
    </ClInclude>
    <ClInclude Include="libraries\include\ImGUI\imnodes.h">
      <Filter>Header Files</Filter>
    </ClInclude>
    <ClInclude Include="libraries\include\ImGUI\imnodes_internal.h">
      <Filter>Header Files</Filter>
    </ClInclude>
    <ClInclude Include="libraries\include\ImGUI\ImGuiFileDialog.h">
      <Filter>Header Files</Filter>
    </ClInclude>
    <ClInclude Include="libraries\include\ImGUI\ImGuiFileDialogConfig.h">
      <Filter>Header Files</Filter>
    </ClInclude>
    <ClInclude Include="libraries\include\stb\stb_image.h">
      <Filter>Header Files</Filter>
    </ClInclude>
    <ClInclude Include="libraries\include\stb\stb_image_resize2.h">
      <Filter>Header Files</Filter>
    </ClInclude>
    <ClInclude Include="include\ShadingNodes\ShadingNodes.h">
      <Filter>Header Files</Filter>
    </ClInclude>
    <ClInclude Include="include\ShadingNodes\TextureNode.h">
      <Filter>Header Files</Filter>
    </ClInclude>
    <ClInclude Include="include\ShadingNodes\MathNode.h">
      <Filter>Header Files</Filter>
    </ClInclude>
    <ClInclude Include="include\ShadingNodes\ShadingNodesManager.h">
      <Filter>Header Files</Filter>
    </ClInclude>
    <ClInclude Include="include\ShadingNodes\Material.h">
      <Filter>Header Files</Filter>
    </ClInclude>
    <ClInclude Include="include\ShadingNodes\ShaderBuilder.h">
      <Filter>Header Files</Filter>
    </ClInclude>
    <ClInclude Include="include\GPUVertex.h">
      <Filter>Header Files</Filter>
    </ClInclude>
    <ClInclude Include="include\ShadingNodes\MaterialManager.h">
      <Filter>Header Files</Filter>
    </ClInclude>
    <ClInclude Include="include\ShadingNodes\ValueNode.h">
      <Filter>Header Files</Filter>
    </ClInclude>
    <ClInclude Include="include\ShadingNodes\ColorOutputNode.h">
      <Filter>Header Files</Filter>
    </ClInclude>
    <ClInclude Include="include\ShadingNodes\NormalOutputNode.h">
      <Filter>Header Files</Filter>
    </ClInclude>
    <ClInclude Include="include\ShadingNodes\MetallicOutputNode.h">
      <Filter>Header Files</Filter>
    </ClInclude>
    <ClInclude Include="include\ShadingNodes\RoughnessOutputNode.h">
      <Filter>Header Files</Filter>
    </ClInclude>
    <ClInclude Include="include\ShadingNodes\AmbientOcclusionOutputNode.h">
      <Filter>Header Files</Filter>
    </ClInclude>
    <ClInclude Include="include\ShadingNodes\ColorNode.h">
      <Filter>Header Files</Filter>
    </ClInclude>
    <ClInclude Include="include\Lights\Light.h">
      <Filter>Header Files</Filter>
    </ClInclude>
    <ClInclude Include="include\Lights\PointLight.h">
      <Filter>Header Files</Filter>
    </ClInclude>
    <ClInclude Include="include\Lights\DirectionalLight.h">
      <Filter>Header Files</Filter>
    </ClInclude>
    <ClInclude Include="include\Lights\SpotLight.h">
      <Filter>Header Files</Filter>
    </ClInclude>
    <ClInclude Include="include\ShadingNodes\ColorBurnNode.h">
      <Filter>Header Files</Filter>
    </ClInclude>
    <ClInclude Include="libraries\include\stb\stb_image_write.h">
      <Filter>Header Files</Filter>
    </ClInclude>
    <ClInclude Include="include\ShadingNodes\ColorMixNode.h">
      <Filter>Header Files</Filter>
    </ClInclude>
  </ItemGroup>
  <ItemGroup>
    <Image Include="assets\planksSpec.png">
      <Filter>Resource Files\Textures</Filter>
    </Image>
    <Image Include="assets\planks.png">
      <Filter>Resource Files\Textures</Filter>
    </Image>
  </ItemGroup>
</Project>